
Microsoft Visual Studio Solution File, Format Version 12.00
# Visual Studio Version 17
VisualStudioVersion = 17.4.33205.214
MinimumVisualStudioVersion = 10.0.40219.1
Project("{8BC9CEB8-8B4A-11D0-8D11-00A0C91BC942}") = "OBJLoader", "OBJLoader.vcxproj", "{39B8C866-65E3-4722-BED6-DDC6721A6757}"
EndProject
Global
	GlobalSection(SolutionConfigurationPlatforms) = preSolution
		Debug|x64 = Debug|x64
		Debug|x86 = Debug|x86
		Release|x64 = Release|x64
		Release|x86 = Release|x86
	EndGlobalSection
	GlobalSection(ProjectConfigurationPlatforms) = postSolution
		{39B8C866-65E3-4722-BED6-DDC6721A6757}.Debug|x64.ActiveCfg = Debug|x64
		{39B8C866-65E3-4722-BED6-DDC6721A6757}.Debug|x64.Build.0 = Debug|x64
		{39B8C866-65E3-4722-BED6-DDC6721A6757}.Debug|x86.ActiveCfg = Debug|Win32
		{39B8C866-65E3-4722-BED6-DDC6721A6757}.Debug|x86.Build.0 = Debug|Win32
		{39B8C866-65E3-4722-BED6-DDC6721A6757}.Release|x64.ActiveCfg = Release|x64
		{39B8C866-65E3-4722-BED6-DDC6721A6757}.Release|x64.Build.0 = Release|x64
		{39B8C866-65E3-4722-BED6-DDC6721A6757}.Release|x86.ActiveCfg = Release|Win32
		{39B8C866-65E3-4722-BED6-DDC6721A6757}.Release|x86.Build.0 = Release|Win32
	EndGlobalSection
	GlobalSection(SolutionProperties) = preSolution
		HideSolutionNode = FALSE
	EndGlobalSection
	GlobalSection(ExtensibilityGlobals) = postSolution
		SolutionGuid = {1CD7CB29-F89A-4EDC-A234-CF9A8E02BF71}
	EndGlobalSection
EndGlobal
